{
  "originHash" : "6d0c4ecac331ab4a15e4d3077b2cdc3ddbfab5158974bb4b4a63bce5cb21835f",
  "pins" : [
    {
      "identity" : "umbrella",
      "kind" : "remoteSourceControl",
      "location" : "https://github.com/jeffreybergier/Umbrella.git",
      "state" : {
        "branch" : "waterme3-wOS10-Swift6",
        "revision" : "7d366648d1f9bd6239aab61e16643bbbcf546cbf"
      }
    }
  ],
  "version" : 3
}
