{
  "originHash" : "ee44aff6c74fbd9e9586d73be74c3c9b95d1dbd32ce1effab8438baeaa74939a",
  "pins" : [
    {
      "identity" : "umbrella",
      "kind" : "remoteSourceControl",
      "location" : "https://github.com/jeffreybergier/Umbrella.git",
      "state" : {
        "branch" : "waterme3-wOS10-Swift6",
        "revision" : "40aaa7586dbe5f4431d24218206ce6d6bc23a3f7"
      }
    }
  ],
  "version" : 3
}
