{
  "originHash" : "994e7e58207544074a3ffe86b2760ad11be0b1b0bf95553cb6b09452fdb5c18d",
  "pins" : [
    {
      "identity" : "keychain-swift",
      "kind" : "remoteSourceControl",
      "location" : "https://github.com/evgenyneu/keychain-swift.git",
      "state" : {
        "revision" : "5e1b02b6a9dac2a759a1d5dbc175c86bd192a608",
        "version" : "24.0.0"
      }
    },
    {
      "identity" : "umbrella",
      "kind" : "remoteSourceControl",
      "location" : "https://github.com/jeffreybergier/Umbrella.git",
      "state" : {
        "branch" : "waterme3-wOS10-Swift6",
        "revision" : "40aaa7586dbe5f4431d24218206ce6d6bc23a3f7"
      }
    }
  ],
  "version" : 3
}
